
Microsoft Visual Studio Solution File, Format Version 12.00
# Visual Studio Version 16
VisualStudioVersion = 16.0.31005.135
MinimumVisualStudioVersion = 10.0.40219.1
Project("{FAE04EC0-301F-11D3-BF4B-00C04F79EFBC}") = "Cosmic", "Cosmic\Cosmic.csproj", "{C01B03B8-138C-4400-8931-EFCEA291100F}"
EndProject
Global
	GlobalSection(SolutionConfigurationPlatforms) = preSolution
		Debug|Any CPU = Debug|Any CPU
		Release|Any CPU = Release|Any CPU
	EndGlobalSection
	GlobalSection(ProjectConfigurationPlatforms) = postSolution
		{C01B03B8-138C-4400-8931-EFCEA291100F}.Debug|Any CPU.ActiveCfg = Debug|Any CPU
		{C01B03B8-138C-4400-8931-EFCEA291100F}.Debug|Any CPU.Build.0 = Debug|Any CPU
		{C01B03B8-138C-4400-8931-EFCEA291100F}.Release|Any CPU.ActiveCfg = Release|Any CPU
		{C01B03B8-138C-4400-8931-EFCEA291100F}.Release|Any CPU.Build.0 = Release|Any CPU
	EndGlobalSection
	GlobalSection(SolutionProperties) = preSolution
		HideSolutionNode = FALSE
	EndGlobalSection
	GlobalSection(ExtensibilityGlobals) = postSolution
		SolutionGuid = {96D39CE7-5EB3-4F2B-807B-55B25D202E86}
	EndGlobalSection
EndGlobal
